// !$*UTF8*$!
{
	archiveVersion = 1;
	classes = {
	};
	objectVersion = 56;
	objects = {

/* Begin PBXBuildFile section */
		D692FAD22AE7BFC100856363 /* MockRepoAPIClient.swift in Sources */ = {isa = PBXBuildFile; fileRef = D692FAD12AE7BFC100856363 /* MockRepoAPIClient.swift */; };
		D692FAD42AE7D8AF00856363 /* StubRepositoryFetcher.swift in Sources */ = {isa = PBXBuildFile; fileRef = D692FAD32AE7D8AF00856363 /* StubRepositoryFetcher.swift */; };
		D6ABDEA22AAD9E5F004E1BA4 /* RepositoryViewModelTest.swift in Sources */ = {isa = PBXBuildFile; fileRef = D6ABDEA12AAD9E5F004E1BA4 /* RepositoryViewModelTest.swift */; };
		D6E4999B2A51B896007F9FB0 /* GitHubSearchApp.swift in Sources */ = {isa = PBXBuildFile; fileRef = D6E4999A2A51B896007F9FB0 /* GitHubSearchApp.swift */; };
		D6E4999D2A51B896007F9FB0 /* ContentView.swift in Sources */ = {isa = PBXBuildFile; fileRef = D6E4999C2A51B896007F9FB0 /* ContentView.swift */; };
		D6E4999F2A51B897007F9FB0 /* Assets.xcassets in Resources */ = {isa = PBXBuildFile; fileRef = D6E4999E2A51B897007F9FB0 /* Assets.xcassets */; };
		D6E499A22A51B897007F9FB0 /* Preview Assets.xcassets in Resources */ = {isa = PBXBuildFile; fileRef = D6E499A12A51B897007F9FB0 /* Preview Assets.xcassets */; };
		D6E499AC2A51B897007F9FB0 /* GitHubSearchTests.swift in Sources */ = {isa = PBXBuildFile; fileRef = D6E499AB2A51B897007F9FB0 /* GitHubSearchTests.swift */; };
		D6E499B62A51B897007F9FB0 /* GitHubSearchUITests.swift in Sources */ = {isa = PBXBuildFile; fileRef = D6E499B52A51B897007F9FB0 /* GitHubSearchUITests.swift */; };
		D6E499B82A51B897007F9FB0 /* GitHubSearchUITestsLaunchTests.swift in Sources */ = {isa = PBXBuildFile; fileRef = D6E499B72A51B897007F9FB0 /* GitHubSearchUITestsLaunchTests.swift */; };
		D6E499C82A524479007F9FB0 /* RepositoryModel.swift in Sources */ = {isa = PBXBuildFile; fileRef = D6E499C72A524479007F9FB0 /* RepositoryModel.swift */; };
		D6E499CA2A5244A2007F9FB0 /* GitHubAPIClient.swift in Sources */ = {isa = PBXBuildFile; fileRef = D6E499C92A5244A2007F9FB0 /* GitHubAPIClient.swift */; };
		D6E499CC2A5244B7007F9FB0 /* APIurl.swift in Sources */ = {isa = PBXBuildFile; fileRef = D6E499CB2A5244B7007F9FB0 /* APIurl.swift */; };
		D6E499CE2A5244C9007F9FB0 /* APIError.swift in Sources */ = {isa = PBXBuildFile; fileRef = D6E499CD2A5244C9007F9FB0 /* APIError.swift */; };
		D6E499D02A524538007F9FB0 /* RepositoryDetailView.swift in Sources */ = {isa = PBXBuildFile; fileRef = D6E499CF2A524538007F9FB0 /* RepositoryDetailView.swift */; };
		D6E499D22A524554007F9FB0 /* RepositoryViewModel.swift in Sources */ = {isa = PBXBuildFile; fileRef = D6E499D12A524554007F9FB0 /* RepositoryViewModel.swift */; };
		D6ED927A2A9F5CBB00D84517 /* SearchError.swift in Sources */ = {isa = PBXBuildFile; fileRef = D6ED92792A9F5CBB00D84517 /* SearchError.swift */; };
		D6ED927D2AA038F900D84517 /* Localizable.strings in Resources */ = {isa = PBXBuildFile; fileRef = D6ED927F2AA038F900D84517 /* Localizable.strings */; };
		D6ED92832AA6BB5500D84517 /* LoadingViewModifier.swift in Sources */ = {isa = PBXBuildFile; fileRef = D6ED92822AA6BB5500D84517 /* LoadingViewModifier.swift */; };
/* End PBXBuildFile section */

/* Begin PBXContainerItemProxy section */
		D6E499A82A51B897007F9FB0 /* PBXContainerItemProxy */ = {
			isa = PBXContainerItemProxy;
			containerPortal = D6E4998F2A51B896007F9FB0 /* Project object */;
			proxyType = 1;
			remoteGlobalIDString = D6E499962A51B896007F9FB0;
			remoteInfo = GitHubSearch;
		};
		D6E499B22A51B897007F9FB0 /* PBXContainerItemProxy */ = {
			isa = PBXContainerItemProxy;
			containerPortal = D6E4998F2A51B896007F9FB0 /* Project object */;
			proxyType = 1;
			remoteGlobalIDString = D6E499962A51B896007F9FB0;
			remoteInfo = GitHubSearch;
		};
/* End PBXContainerItemProxy section */

/* Begin PBXFileReference section */
		D692FAD12AE7BFC100856363 /* MockRepoAPIClient.swift */ = {isa = PBXFileReference; lastKnownFileType = sourcecode.swift; path = MockRepoAPIClient.swift; sourceTree = "<group>"; };
		D692FAD32AE7D8AF00856363 /* StubRepositoryFetcher.swift */ = {isa = PBXFileReference; lastKnownFileType = sourcecode.swift; path = StubRepositoryFetcher.swift; sourceTree = "<group>"; };
		D6ABDEA12AAD9E5F004E1BA4 /* RepositoryViewModelTest.swift */ = {isa = PBXFileReference; lastKnownFileType = sourcecode.swift; path = RepositoryViewModelTest.swift; sourceTree = "<group>"; };
		D6B53A532A618D3D00258B3F /* Info.plist */ = {isa = PBXFileReference; lastKnownFileType = text.plist; path = Info.plist; sourceTree = "<group>"; };
		D6E499972A51B896007F9FB0 /* GitHubSearch.app */ = {isa = PBXFileReference; explicitFileType = wrapper.application; includeInIndex = 0; path = GitHubSearch.app; sourceTree = BUILT_PRODUCTS_DIR; };
		D6E4999A2A51B896007F9FB0 /* GitHubSearchApp.swift */ = {isa = PBXFileReference; lastKnownFileType = sourcecode.swift; path = GitHubSearchApp.swift; sourceTree = "<group>"; };
		D6E4999C2A51B896007F9FB0 /* ContentView.swift */ = {isa = PBXFileReference; lastKnownFileType = sourcecode.swift; path = ContentView.swift; sourceTree = "<group>"; };
		D6E4999E2A51B897007F9FB0 /* Assets.xcassets */ = {isa = PBXFileReference; lastKnownFileType = folder.assetcatalog; path = Assets.xcassets; sourceTree = "<group>"; };
		D6E499A12A51B897007F9FB0 /* Preview Assets.xcassets */ = {isa = PBXFileReference; lastKnownFileType = folder.assetcatalog; path = "Preview Assets.xcassets"; sourceTree = "<group>"; };
		D6E499A72A51B897007F9FB0 /* GitHubSearchTests.xctest */ = {isa = PBXFileReference; explicitFileType = wrapper.cfbundle; includeInIndex = 0; path = GitHubSearchTests.xctest; sourceTree = BUILT_PRODUCTS_DIR; };
		D6E499AB2A51B897007F9FB0 /* GitHubSearchTests.swift */ = {isa = PBXFileReference; lastKnownFileType = sourcecode.swift; path = GitHubSearchTests.swift; sourceTree = "<group>"; };
		D6E499B12A51B897007F9FB0 /* GitHubSearchUITests.xctest */ = {isa = PBXFileReference; explicitFileType = wrapper.cfbundle; includeInIndex = 0; path = GitHubSearchUITests.xctest; sourceTree = BUILT_PRODUCTS_DIR; };
		D6E499B52A51B897007F9FB0 /* GitHubSearchUITests.swift */ = {isa = PBXFileReference; lastKnownFileType = sourcecode.swift; path = GitHubSearchUITests.swift; sourceTree = "<group>"; };
		D6E499B72A51B897007F9FB0 /* GitHubSearchUITestsLaunchTests.swift */ = {isa = PBXFileReference; lastKnownFileType = sourcecode.swift; path = GitHubSearchUITestsLaunchTests.swift; sourceTree = "<group>"; };
		D6E499C72A524479007F9FB0 /* RepositoryModel.swift */ = {isa = PBXFileReference; lastKnownFileType = sourcecode.swift; path = RepositoryModel.swift; sourceTree = "<group>"; };
		D6E499C92A5244A2007F9FB0 /* GitHubAPIClient.swift */ = {isa = PBXFileReference; lastKnownFileType = sourcecode.swift; path = GitHubAPIClient.swift; sourceTree = "<group>"; };
		D6E499CB2A5244B7007F9FB0 /* APIurl.swift */ = {isa = PBXFileReference; lastKnownFileType = sourcecode.swift; path = APIurl.swift; sourceTree = "<group>"; };
		D6E499CD2A5244C9007F9FB0 /* APIError.swift */ = {isa = PBXFileReference; lastKnownFileType = sourcecode.swift; path = APIError.swift; sourceTree = "<group>"; };
		D6E499CF2A524538007F9FB0 /* RepositoryDetailView.swift */ = {isa = PBXFileReference; lastKnownFileType = sourcecode.swift; path = RepositoryDetailView.swift; sourceTree = "<group>"; };
		D6E499D12A524554007F9FB0 /* RepositoryViewModel.swift */ = {isa = PBXFileReference; lastKnownFileType = sourcecode.swift; path = RepositoryViewModel.swift; sourceTree = "<group>"; };
		D6ED92792A9F5CBB00D84517 /* SearchError.swift */ = {isa = PBXFileReference; lastKnownFileType = sourcecode.swift; path = SearchError.swift; sourceTree = "<group>"; };
		D6ED927E2AA038F900D84517 /* en */ = {isa = PBXFileReference; lastKnownFileType = text.plist.strings; name = en; path = en.lproj/Localizable.strings; sourceTree = "<group>"; };
		D6ED92802AA038FF00D84517 /* ja */ = {isa = PBXFileReference; lastKnownFileType = text.plist.strings; name = ja; path = ja.lproj/Localizable.strings; sourceTree = "<group>"; };
		D6ED92822AA6BB5500D84517 /* LoadingViewModifier.swift */ = {isa = PBXFileReference; lastKnownFileType = sourcecode.swift; path = LoadingViewModifier.swift; sourceTree = "<group>"; };
/* End PBXFileReference section */

/* Begin PBXFrameworksBuildPhase section */
		D6E499942A51B896007F9FB0 /* Frameworks */ = {
			isa = PBXFrameworksBuildPhase;
			buildActionMask = 2147483647;
			files = (
			);
			runOnlyForDeploymentPostprocessing = 0;
		};
		D6E499A42A51B897007F9FB0 /* Frameworks */ = {
			isa = PBXFrameworksBuildPhase;
			buildActionMask = 2147483647;
			files = (
			);
			runOnlyForDeploymentPostprocessing = 0;
		};
		D6E499AE2A51B897007F9FB0 /* Frameworks */ = {
			isa = PBXFrameworksBuildPhase;
			buildActionMask = 2147483647;
			files = (
			);
			runOnlyForDeploymentPostprocessing = 0;
		};
/* End PBXFrameworksBuildPhase section */

/* Begin PBXGroup section */
		D692FACE2AE7BF4B00856363 /* Mocks */ = {
			isa = PBXGroup;
			children = (
				D692FAD12AE7BFC100856363 /* MockRepoAPIClient.swift */,
			);
			path = Mocks;
			sourceTree = "<group>";
		};
		D6ABDE9E2AAC926A004E1BA4 /* Entity */ = {
			isa = PBXGroup;
			children = (
				D6E499C72A524479007F9FB0 /* RepositoryModel.swift */,
			);
			path = Entity;
			sourceTree = "<group>";
		};
		D6E4998E2A51B896007F9FB0 = {
			isa = PBXGroup;
			children = (
				D6ED927F2AA038F900D84517 /* Localizable.strings */,
				D6E499992A51B896007F9FB0 /* GitHubSearch */,
				D6E499AA2A51B897007F9FB0 /* GitHubSearchTests */,
				D6E499B42A51B897007F9FB0 /* GitHubSearchUITests */,
				D6E499982A51B896007F9FB0 /* Products */,
			);
			sourceTree = "<group>";
		};
		D6E499982A51B896007F9FB0 /* Products */ = {
			isa = PBXGroup;
			children = (
				D6E499972A51B896007F9FB0 /* GitHubSearch.app */,
				D6E499A72A51B897007F9FB0 /* GitHubSearchTests.xctest */,
				D6E499B12A51B897007F9FB0 /* GitHubSearchUITests.xctest */,
			);
			name = Products;
			sourceTree = "<group>";
		};
		D6E499992A51B896007F9FB0 /* GitHubSearch */ = {
			isa = PBXGroup;
			children = (
				D6B53A532A618D3D00258B3F /* Info.plist */,
				D6E4999A2A51B896007F9FB0 /* GitHubSearchApp.swift */,
				D6ED92812AA6BB2D00D84517 /* Common */,
				D6ABDE9E2AAC926A004E1BA4 /* Entity */,
				D6E499C42A523CF0007F9FB0 /* Model */,
				D6E499C52A523CFE007F9FB0 /* View */,
				D6E499C62A523D06007F9FB0 /* ViewModel */,
				D6E4999E2A51B897007F9FB0 /* Assets.xcassets */,
				D6E499A02A51B897007F9FB0 /* Preview Content */,
			);
			path = GitHubSearch;
			sourceTree = "<group>";
		};
		D6E499A02A51B897007F9FB0 /* Preview Content */ = {
			isa = PBXGroup;
			children = (
				D692FACE2AE7BF4B00856363 /* Mocks */,
				D6E499A12A51B897007F9FB0 /* Preview Assets.xcassets */,
			);
			path = "Preview Content";
			sourceTree = "<group>";
		};
		D6E499AA2A51B897007F9FB0 /* GitHubSearchTests */ = {
			isa = PBXGroup;
			children = (
				D6E499AB2A51B897007F9FB0 /* GitHubSearchTests.swift */,
				D6ABDEA12AAD9E5F004E1BA4 /* RepositoryViewModelTest.swift */,
				D692FAD32AE7D8AF00856363 /* StubRepositoryFetcher.swift */,
			);
			path = GitHubSearchTests;
			sourceTree = "<group>";
		};
		D6E499B42A51B897007F9FB0 /* GitHubSearchUITests */ = {
			isa = PBXGroup;
			children = (
				D6E499B52A51B897007F9FB0 /* GitHubSearchUITests.swift */,
				D6E499B72A51B897007F9FB0 /* GitHubSearchUITestsLaunchTests.swift */,
			);
			path = GitHubSearchUITests;
			sourceTree = "<group>";
		};
		D6E499C42A523CF0007F9FB0 /* Model */ = {
			isa = PBXGroup;
			children = (
				D6E499C92A5244A2007F9FB0 /* GitHubAPIClient.swift */,
				D6E499CB2A5244B7007F9FB0 /* APIurl.swift */,
				D6E499CD2A5244C9007F9FB0 /* APIError.swift */,
				D6ED92792A9F5CBB00D84517 /* SearchError.swift */,
			);
			path = Model;
			sourceTree = "<group>";
		};
		D6E499C52A523CFE007F9FB0 /* View */ = {
			isa = PBXGroup;
			children = (
				D6E4999C2A51B896007F9FB0 /* ContentView.swift */,
				D6E499CF2A524538007F9FB0 /* RepositoryDetailView.swift */,
			);
			path = View;
			sourceTree = "<group>";
		};
		D6E499C62A523D06007F9FB0 /* ViewModel */ = {
			isa = PBXGroup;
			children = (
				D6E499D12A524554007F9FB0 /* RepositoryViewModel.swift */,
			);
			path = ViewModel;
			sourceTree = "<group>";
		};
		D6ED92812AA6BB2D00D84517 /* Common */ = {
			isa = PBXGroup;
			children = (
				D6ED92822AA6BB5500D84517 /* LoadingViewModifier.swift */,
			);
			path = Common;
			sourceTree = "<group>";
		};
/* End PBXGroup section */

/* Begin PBXNativeTarget section */
		D6E499962A51B896007F9FB0 /* GitHubSearch */ = {
			isa = PBXNativeTarget;
			buildConfigurationList = D6E499BB2A51B897007F9FB0 /* Build configuration list for PBXNativeTarget "GitHubSearch" */;
			buildPhases = (
				D6E499932A51B896007F9FB0 /* Sources */,
				D6E499942A51B896007F9FB0 /* Frameworks */,
				D6E499952A51B896007F9FB0 /* Resources */,
			);
			buildRules = (
			);
			dependencies = (
			);
			name = GitHubSearch;
			productName = GitHubSearch;
			productReference = D6E499972A51B896007F9FB0 /* GitHubSearch.app */;
			productType = "com.apple.product-type.application";
		};
		D6E499A62A51B897007F9FB0 /* GitHubSearchTests */ = {
			isa = PBXNativeTarget;
			buildConfigurationList = D6E499BE2A51B897007F9FB0 /* Build configuration list for PBXNativeTarget "GitHubSearchTests" */;
			buildPhases = (
				D6E499A32A51B897007F9FB0 /* Sources */,
				D6E499A42A51B897007F9FB0 /* Frameworks */,
				D6E499A52A51B897007F9FB0 /* Resources */,
			);
			buildRules = (
			);
			dependencies = (
				D6E499A92A51B897007F9FB0 /* PBXTargetDependency */,
			);
			name = GitHubSearchTests;
			productName = GitHubSearchTests;
			productReference = D6E499A72A51B897007F9FB0 /* GitHubSearchTests.xctest */;
			productType = "com.apple.product-type.bundle.unit-test";
		};
		D6E499B02A51B897007F9FB0 /* GitHubSearchUITests */ = {
			isa = PBXNativeTarget;
			buildConfigurationList = D6E499C12A51B897007F9FB0 /* Build configuration list for PBXNativeTarget "GitHubSearchUITests" */;
			buildPhases = (
				D6E499AD2A51B897007F9FB0 /* Sources */,
				D6E499AE2A51B897007F9FB0 /* Frameworks */,
				D6E499AF2A51B897007F9FB0 /* Resources */,
			);
			buildRules = (
			);
			dependencies = (
				D6E499B32A51B897007F9FB0 /* PBXTargetDependency */,
			);
			name = GitHubSearchUITests;
			productName = GitHubSearchUITests;
			productReference = D6E499B12A51B897007F9FB0 /* GitHubSearchUITests.xctest */;
			productType = "com.apple.product-type.bundle.ui-testing";
		};
/* End PBXNativeTarget section */

/* Begin PBXProject section */
		D6E4998F2A51B896007F9FB0 /* Project object */ = {
			isa = PBXProject;
			attributes = {
				BuildIndependentTargetsInParallel = 1;
				LastSwiftUpdateCheck = 1430;
				LastUpgradeCheck = 1430;
				TargetAttributes = {
					D6E499962A51B896007F9FB0 = {
						CreatedOnToolsVersion = 14.3.1;
					};
					D6E499A62A51B897007F9FB0 = {
						CreatedOnToolsVersion = 14.3.1;
						TestTargetID = D6E499962A51B896007F9FB0;
					};
					D6E499B02A51B897007F9FB0 = {
						CreatedOnToolsVersion = 14.3.1;
						TestTargetID = D6E499962A51B896007F9FB0;
					};
				};
			};
			buildConfigurationList = D6E499922A51B896007F9FB0 /* Build configuration list for PBXProject "GitHubSearch" */;
			compatibilityVersion = "Xcode 14.0";
			developmentRegion = en;
			hasScannedForEncodings = 0;
			knownRegions = (
				en,
				Base,
				ja,
			);
			mainGroup = D6E4998E2A51B896007F9FB0;
			productRefGroup = D6E499982A51B896007F9FB0 /* Products */;
			projectDirPath = "";
			projectRoot = "";
			targets = (
				D6E499962A51B896007F9FB0 /* GitHubSearch */,
				D6E499A62A51B897007F9FB0 /* GitHubSearchTests */,
				D6E499B02A51B897007F9FB0 /* GitHubSearchUITests */,
			);
		};
/* End PBXProject section */

/* Begin PBXResourcesBuildPhase section */
		D6E499952A51B896007F9FB0 /* Resources */ = {
			isa = PBXResourcesBuildPhase;
			buildActionMask = 2147483647;
			files = (
				D6E499A22A51B897007F9FB0 /* Preview Assets.xcassets in Resources */,
				D6ED927D2AA038F900D84517 /* Localizable.strings in Resources */,
				D6E4999F2A51B897007F9FB0 /* Assets.xcassets in Resources */,
			);
			runOnlyForDeploymentPostprocessing = 0;
		};
		D6E499A52A51B897007F9FB0 /* Resources */ = {
			isa = PBXResourcesBuildPhase;
			buildActionMask = 2147483647;
			files = (
			);
			runOnlyForDeploymentPostprocessing = 0;
		};
		D6E499AF2A51B897007F9FB0 /* Resources */ = {
			isa = PBXResourcesBuildPhase;
			buildActionMask = 2147483647;
			files = (
			);
			runOnlyForDeploymentPostprocessing = 0;
		};
/* End PBXResourcesBuildPhase section */

/* Begin PBXSourcesBuildPhase section */
		D6E499932A51B896007F9FB0 /* Sources */ = {
			isa = PBXSourcesBuildPhase;
			buildActionMask = 2147483647;
			files = (
				D6ED92832AA6BB5500D84517 /* LoadingViewModifier.swift in Sources */,
				D6E499D22A524554007F9FB0 /* RepositoryViewModel.swift in Sources */,
				D6E499CA2A5244A2007F9FB0 /* GitHubAPIClient.swift in Sources */,
				D692FAD22AE7BFC100856363 /* MockRepoAPIClient.swift in Sources */,
				D6E499D02A524538007F9FB0 /* RepositoryDetailView.swift in Sources */,
				D6E499C82A524479007F9FB0 /* RepositoryModel.swift in Sources */,
				D6E4999D2A51B896007F9FB0 /* ContentView.swift in Sources */,
				D6ED927A2A9F5CBB00D84517 /* SearchError.swift in Sources */,
				D6E499CC2A5244B7007F9FB0 /* APIurl.swift in Sources */,
				D6E4999B2A51B896007F9FB0 /* GitHubSearchApp.swift in Sources */,
				D6E499CE2A5244C9007F9FB0 /* APIError.swift in Sources */,
			);
			runOnlyForDeploymentPostprocessing = 0;
		};
		D6E499A32A51B897007F9FB0 /* Sources */ = {
			isa = PBXSourcesBuildPhase;
			buildActionMask = 2147483647;
			files = (
				D6ABDEA22AAD9E5F004E1BA4 /* RepositoryViewModelTest.swift in Sources */,
				D692FAD42AE7D8AF00856363 /* StubRepositoryFetcher.swift in Sources */,
				D6E499AC2A51B897007F9FB0 /* GitHubSearchTests.swift in Sources */,
			);
			runOnlyForDeploymentPostprocessing = 0;
		};
		D6E499AD2A51B897007F9FB0 /* Sources */ = {
			isa = PBXSourcesBuildPhase;
			buildActionMask = 2147483647;
			files = (
				D6E499B62A51B897007F9FB0 /* GitHubSearchUITests.swift in Sources */,
				D6E499B82A51B897007F9FB0 /* GitHubSearchUITestsLaunchTests.swift in Sources */,
			);
			runOnlyForDeploymentPostprocessing = 0;
		};
/* End PBXSourcesBuildPhase section */

/* Begin PBXTargetDependency section */
		D6E499A92A51B897007F9FB0 /* PBXTargetDependency */ = {
			isa = PBXTargetDependency;
			target = D6E499962A51B896007F9FB0 /* GitHubSearch */;
			targetProxy = D6E499A82A51B897007F9FB0 /* PBXContainerItemProxy */;
		};
		D6E499B32A51B897007F9FB0 /* PBXTargetDependency */ = {
			isa = PBXTargetDependency;
			target = D6E499962A51B896007F9FB0 /* GitHubSearch */;
			targetProxy = D6E499B22A51B897007F9FB0 /* PBXContainerItemProxy */;
		};
/* End PBXTargetDependency section */

/* Begin PBXVariantGroup section */
		D6ED927F2AA038F900D84517 /* Localizable.strings */ = {
			isa = PBXVariantGroup;
			children = (
				D6ED927E2AA038F900D84517 /* en */,
				D6ED92802AA038FF00D84517 /* ja */,
			);
			name = Localizable.strings;
			sourceTree = "<group>";
		};
/* End PBXVariantGroup section */

/* Begin XCBuildConfiguration section */
		D6E499B92A51B897007F9FB0 /* Debug */ = {
			isa = XCBuildConfiguration;
			buildSettings = {
				ALWAYS_SEARCH_USER_PATHS = NO;
				CLANG_ANALYZER_NONNULL = YES;
				CLANG_ANALYZER_NUMBER_OBJECT_CONVERSION = YES_AGGRESSIVE;
				CLANG_CXX_LANGUAGE_STANDARD = "gnu++20";
				CLANG_ENABLE_MODULES = YES;
				CLANG_ENABLE_OBJC_ARC = YES;
				CLANG_ENABLE_OBJC_WEAK = YES;
				CLANG_WARN_BLOCK_CAPTURE_AUTORELEASING = YES;
				CLANG_WARN_BOOL_CONVERSION = YES;
				CLANG_WARN_COMMA = YES;
				CLANG_WARN_CONSTANT_CONVERSION = YES;
				CLANG_WARN_DEPRECATED_OBJC_IMPLEMENTATIONS = YES;
				CLANG_WARN_DIRECT_OBJC_ISA_USAGE = YES_ERROR;
				CLANG_WARN_DOCUMENTATION_COMMENTS = YES;
				CLANG_WARN_EMPTY_BODY = YES;
				CLANG_WARN_ENUM_CONVERSION = YES;
				CLANG_WARN_INFINITE_RECURSION = YES;
				CLANG_WARN_INT_CONVERSION = YES;
				CLANG_WARN_NON_LITERAL_NULL_CONVERSION = YES;
				CLANG_WARN_OBJC_IMPLICIT_RETAIN_SELF = YES;
				CLANG_WARN_OBJC_LITERAL_CONVERSION = YES;
				CLANG_WARN_OBJC_ROOT_CLASS = YES_ERROR;
				CLANG_WARN_QUOTED_INCLUDE_IN_FRAMEWORK_HEADER = YES;
				CLANG_WARN_RANGE_LOOP_ANALYSIS = YES;
				CLANG_WARN_STRICT_PROTOTYPES = YES;
				CLANG_WARN_SUSPICIOUS_MOVE = YES;
				CLANG_WARN_UNGUARDED_AVAILABILITY = YES_AGGRESSIVE;
				CLANG_WARN_UNREACHABLE_CODE = YES;
				CLANG_WARN__DUPLICATE_METHOD_MATCH = YES;
				COPY_PHASE_STRIP = NO;
				DEBUG_INFORMATION_FORMAT = dwarf;
				ENABLE_STRICT_OBJC_MSGSEND = YES;
				ENABLE_TESTABILITY = YES;
				GCC_C_LANGUAGE_STANDARD = gnu11;
				GCC_DYNAMIC_NO_PIC = NO;
				GCC_NO_COMMON_BLOCKS = YES;
				GCC_OPTIMIZATION_LEVEL = 0;
				GCC_PREPROCESSOR_DEFINITIONS = (
					"DEBUG=1",
					"$(inherited)",
				);
				GCC_WARN_64_TO_32_BIT_CONVERSION = YES;
				GCC_WARN_ABOUT_RETURN_TYPE = YES_ERROR;
				GCC_WARN_UNDECLARED_SELECTOR = YES;
				GCC_WARN_UNINITIALIZED_AUTOS = YES_AGGRESSIVE;
				GCC_WARN_UNUSED_FUNCTION = YES;
				GCC_WARN_UNUSED_VARIABLE = YES;
				IPHONEOS_DEPLOYMENT_TARGET = 16.4;
				MTL_ENABLE_DEBUG_INFO = INCLUDE_SOURCE;
				MTL_FAST_MATH = YES;
				ONLY_ACTIVE_ARCH = YES;
				SDKROOT = iphoneos;
				SWIFT_ACTIVE_COMPILATION_CONDITIONS = DEBUG;
				SWIFT_OPTIMIZATION_LEVEL = "-Onone";
			};
			name = Debug;
		};
		D6E499BA2A51B897007F9FB0 /* Release */ = {
			isa = XCBuildConfiguration;
			buildSettings = {
				ALWAYS_SEARCH_USER_PATHS = NO;
				CLANG_ANALYZER_NONNULL = YES;
				CLANG_ANALYZER_NUMBER_OBJECT_CONVERSION = YES_AGGRESSIVE;
				CLANG_CXX_LANGUAGE_STANDARD = "gnu++20";
				CLANG_ENABLE_MODULES = YES;
				CLANG_ENABLE_OBJC_ARC = YES;
				CLANG_ENABLE_OBJC_WEAK = YES;
				CLANG_WARN_BLOCK_CAPTURE_AUTORELEASING = YES;
				CLANG_WARN_BOOL_CONVERSION = YES;
				CLANG_WARN_COMMA = YES;
				CLANG_WARN_CONSTANT_CONVERSION = YES;
				CLANG_WARN_DEPRECATED_OBJC_IMPLEMENTATIONS = YES;
				CLANG_WARN_DIRECT_OBJC_ISA_USAGE = YES_ERROR;
				CLANG_WARN_DOCUMENTATION_COMMENTS = YES;
				CLANG_WARN_EMPTY_BODY = YES;
				CLANG_WARN_ENUM_CONVERSION = YES;
				CLANG_WARN_INFINITE_RECURSION = YES;
				CLANG_WARN_INT_CONVERSION = YES;
				CLANG_WARN_NON_LITERAL_NULL_CONVERSION = YES;
				CLANG_WARN_OBJC_IMPLICIT_RETAIN_SELF = YES;
				CLANG_WARN_OBJC_LITERAL_CONVERSION = YES;
				CLANG_WARN_OBJC_ROOT_CLASS = YES_ERROR;
				CLANG_WARN_QUOTED_INCLUDE_IN_FRAMEWORK_HEADER = YES;
				CLANG_WARN_RANGE_LOOP_ANALYSIS = YES;
				CLANG_WARN_STRICT_PROTOTYPES = YES;
				CLANG_WARN_SUSPICIOUS_MOVE = YES;
				CLANG_WARN_UNGUARDED_AVAILABILITY = YES_AGGRESSIVE;
				CLANG_WARN_UNREACHABLE_CODE = YES;
				CLANG_WARN__DUPLICATE_METHOD_MATCH = YES;
				COPY_PHASE_STRIP = NO;
				DEBUG_INFORMATION_FORMAT = "dwarf-with-dsym";
				ENABLE_NS_ASSERTIONS = NO;
				ENABLE_STRICT_OBJC_MSGSEND = YES;
				GCC_C_LANGUAGE_STANDARD = gnu11;
				GCC_NO_COMMON_BLOCKS = YES;
				GCC_WARN_64_TO_32_BIT_CONVERSION = YES;
				GCC_WARN_ABOUT_RETURN_TYPE = YES_ERROR;
				GCC_WARN_UNDECLARED_SELECTOR = YES;
				GCC_WARN_UNINITIALIZED_AUTOS = YES_AGGRESSIVE;
				GCC_WARN_UNUSED_FUNCTION = YES;
				GCC_WARN_UNUSED_VARIABLE = YES;
				IPHONEOS_DEPLOYMENT_TARGET = 16.4;
				MTL_ENABLE_DEBUG_INFO = NO;
				MTL_FAST_MATH = YES;
				SDKROOT = iphoneos;
				SWIFT_COMPILATION_MODE = wholemodule;
				SWIFT_OPTIMIZATION_LEVEL = "-O";
				VALIDATE_PRODUCT = YES;
			};
			name = Release;
		};
		D6E499BC2A51B897007F9FB0 /* Debug */ = {
			isa = XCBuildConfiguration;
			buildSettings = {
				ASSETCATALOG_COMPILER_APPICON_NAME = AppIcon;
				ASSETCATALOG_COMPILER_GLOBAL_ACCENT_COLOR_NAME = AccentColor;
				CODE_SIGN_STYLE = Automatic;
				CURRENT_PROJECT_VERSION = 1;
				DEVELOPMENT_ASSET_PATHS = "\"GitHubSearch/Preview Content\"";
				DEVELOPMENT_TEAM = HF42G63PQY;
				ENABLE_PREVIEWS = YES;
				GENERATE_INFOPLIST_FILE = YES;
				INFOPLIST_FILE = GitHubSearch/Info.plist;
				INFOPLIST_KEY_UIApplicationSceneManifest_Generation = YES;
				INFOPLIST_KEY_UIApplicationSupportsIndirectInputEvents = YES;
				INFOPLIST_KEY_UILaunchScreen_Generation = YES;
				INFOPLIST_KEY_UISupportedInterfaceOrientations_iPad = "UIInterfaceOrientationPortrait UIInterfaceOrientationPortraitUpsideDown UIInterfaceOrientationLandscapeLeft UIInterfaceOrientationLandscapeRight";
				INFOPLIST_KEY_UISupportedInterfaceOrientations_iPhone = "UIInterfaceOrientationPortrait UIInterfaceOrientationLandscapeLeft UIInterfaceOrientationLandscapeRight";
				LD_RUNPATH_SEARCH_PATHS = (
					"$(inherited)",
					"@executable_path/Frameworks",
				);
				MARKETING_VERSION = 1.0;
				PRODUCT_BUNDLE_IDENTIFIER = com.ribereo.minami.GitHubSearch;
				PRODUCT_NAME = "$(TARGET_NAME)";
				SWIFT_EMIT_LOC_STRINGS = YES;
				SWIFT_VERSION = 5.0;
				TARGETED_DEVICE_FAMILY = "1,2";
			};
			name = Debug;
		};
		D6E499BD2A51B897007F9FB0 /* Release */ = {
			isa = XCBuildConfiguration;
			buildSettings = {
				ASSETCATALOG_COMPILER_APPICON_NAME = AppIcon;
				ASSETCATALOG_COMPILER_GLOBAL_ACCENT_COLOR_NAME = AccentColor;
				CODE_SIGN_STYLE = Automatic;
				CURRENT_PROJECT_VERSION = 1;
				DEVELOPMENT_ASSET_PATHS = "\"GitHubSearch/Preview Content\"";
				DEVELOPMENT_TEAM = HF42G63PQY;
				ENABLE_PREVIEWS = YES;
				GENERATE_INFOPLIST_FILE = YES;
				INFOPLIST_FILE = GitHubSearch/Info.plist;
				INFOPLIST_KEY_UIApplicationSceneManifest_Generation = YES;
				INFOPLIST_KEY_UIApplicationSupportsIndirectInputEvents = YES;
				INFOPLIST_KEY_UILaunchScreen_Generation = YES;
				INFOPLIST_KEY_UISupportedInterfaceOrientations_iPad = "UIInterfaceOrientationPortrait UIInterfaceOrientationPortraitUpsideDown UIInterfaceOrientationLandscapeLeft UIInterfaceOrientationLandscapeRight";
				INFOPLIST_KEY_UISupportedInterfaceOrientations_iPhone = "UIInterfaceOrientationPortrait UIInterfaceOrientationLandscapeLeft UIInterfaceOrientationLandscapeRight";
				LD_RUNPATH_SEARCH_PATHS = (
					"$(inherited)",
					"@executable_path/Frameworks",
				);
				MARKETING_VERSION = 1.0;
				PRODUCT_BUNDLE_IDENTIFIER = com.ribereo.minami.GitHubSearch;
				PRODUCT_NAME = "$(TARGET_NAME)";
				SWIFT_EMIT_LOC_STRINGS = YES;
				SWIFT_VERSION = 5.0;
				TARGETED_DEVICE_FAMILY = "1,2";
			};
			name = Release;
		};
		D6E499BF2A51B897007F9FB0 /* Debug */ = {
			isa = XCBuildConfiguration;
			buildSettings = {
				ALWAYS_EMBED_SWIFT_STANDARD_LIBRARIES = YES;
				BUNDLE_LOADER = "$(TEST_HOST)";
				CODE_SIGN_STYLE = Automatic;
				CURRENT_PROJECT_VERSION = 1;
				DEVELOPMENT_TEAM = HF42G63PQY;
				GENERATE_INFOPLIST_FILE = YES;
				IPHONEOS_DEPLOYMENT_TARGET = 16.4;
				MARKETING_VERSION = 1.0;
				PRODUCT_BUNDLE_IDENTIFIER = com.ribereo.minami.GitHubSearchTests;
				PRODUCT_NAME = "$(TARGET_NAME)";
				SWIFT_EMIT_LOC_STRINGS = NO;
				SWIFT_VERSION = 5.0;
				TARGETED_DEVICE_FAMILY = "1,2";
				TEST_HOST = "$(BUILT_PRODUCTS_DIR)/GitHubSearch.app/$(BUNDLE_EXECUTABLE_FOLDER_PATH)/GitHubSearch";
			};
			name = Debug;
		};
		D6E499C02A51B897007F9FB0 /* Release */ = {
			isa = XCBuildConfiguration;
			buildSettings = {
				ALWAYS_EMBED_SWIFT_STANDARD_LIBRARIES = YES;
				BUNDLE_LOADER = "$(TEST_HOST)";
				CODE_SIGN_STYLE = Automatic;
				CURRENT_PROJECT_VERSION = 1;
				DEVELOPMENT_TEAM = HF42G63PQY;
				GENERATE_INFOPLIST_FILE = YES;
				IPHONEOS_DEPLOYMENT_TARGET = 16.4;
				MARKETING_VERSION = 1.0;
				PRODUCT_BUNDLE_IDENTIFIER = com.ribereo.minami.GitHubSearchTests;
				PRODUCT_NAME = "$(TARGET_NAME)";
				SWIFT_EMIT_LOC_STRINGS = NO;
				SWIFT_VERSION = 5.0;
				TARGETED_DEVICE_FAMILY = "1,2";
				TEST_HOST = "$(BUILT_PRODUCTS_DIR)/GitHubSearch.app/$(BUNDLE_EXECUTABLE_FOLDER_PATH)/GitHubSearch";
			};
			name = Release;
		};
		D6E499C22A51B897007F9FB0 /* Debug */ = {
			isa = XCBuildConfiguration;
			buildSettings = {
				ALWAYS_EMBED_SWIFT_STANDARD_LIBRARIES = YES;
				CODE_SIGN_STYLE = Automatic;
				CURRENT_PROJECT_VERSION = 1;
				DEVELOPMENT_TEAM = HF42G63PQY;
				GENERATE_INFOPLIST_FILE = YES;
				MARKETING_VERSION = 1.0;
				PRODUCT_BUNDLE_IDENTIFIER = com.ribereo.minami.GitHubSearchUITests;
				PRODUCT_NAME = "$(TARGET_NAME)";
				SWIFT_EMIT_LOC_STRINGS = NO;
				SWIFT_VERSION = 5.0;
				TARGETED_DEVICE_FAMILY = "1,2";
				TEST_TARGET_NAME = GitHubSearch;
			};
			name = Debug;
		};
		D6E499C32A51B897007F9FB0 /* Release */ = {
			isa = XCBuildConfiguration;
			buildSettings = {
				ALWAYS_EMBED_SWIFT_STANDARD_LIBRARIES = YES;
				CODE_SIGN_STYLE = Automatic;
				CURRENT_PROJECT_VERSION = 1;
				DEVELOPMENT_TEAM = HF42G63PQY;
				GENERATE_INFOPLIST_FILE = YES;
				MARKETING_VERSION = 1.0;
				PRODUCT_BUNDLE_IDENTIFIER = com.ribereo.minami.GitHubSearchUITests;
				PRODUCT_NAME = "$(TARGET_NAME)";
				SWIFT_EMIT_LOC_STRINGS = NO;
				SWIFT_VERSION = 5.0;
				TARGETED_DEVICE_FAMILY = "1,2";
				TEST_TARGET_NAME = GitHubSearch;
			};
			name = Release;
		};
/* End XCBuildConfiguration section */

/* Begin XCConfigurationList section */
		D6E499922A51B896007F9FB0 /* Build configuration list for PBXProject "GitHubSearch" */ = {
			isa = XCConfigurationList;
			buildConfigurations = (
				D6E499B92A51B897007F9FB0 /* Debug */,
				D6E499BA2A51B897007F9FB0 /* Release */,
			);
			defaultConfigurationIsVisible = 0;
			defaultConfigurationName = Release;
		};
		D6E499BB2A51B897007F9FB0 /* Build configuration list for PBXNativeTarget "GitHubSearch" */ = {
			isa = XCConfigurationList;
			buildConfigurations = (
				D6E499BC2A51B897007F9FB0 /* Debug */,
				D6E499BD2A51B897007F9FB0 /* Release */,
			);
			defaultConfigurationIsVisible = 0;
			defaultConfigurationName = Release;
		};
		D6E499BE2A51B897007F9FB0 /* Build configuration list for PBXNativeTarget "GitHubSearchTests" */ = {
			isa = XCConfigurationList;
			buildConfigurations = (
				D6E499BF2A51B897007F9FB0 /* Debug */,
				D6E499C02A51B897007F9FB0 /* Release */,
			);
			defaultConfigurationIsVisible = 0;
			defaultConfigurationName = Release;
		};
		D6E499C12A51B897007F9FB0 /* Build configuration list for PBXNativeTarget "GitHubSearchUITests" */ = {
			isa = XCConfigurationList;
			buildConfigurations = (
				D6E499C22A51B897007F9FB0 /* Debug */,
				D6E499C32A51B897007F9FB0 /* Release */,
			);
			defaultConfigurationIsVisible = 0;
			defaultConfigurationName = Release;
		};
/* End XCConfigurationList section */
	};
	rootObject = D6E4998F2A51B896007F9FB0 /* Project object */;
}
